
Microsoft Visual Studio Solution File, Format Version 12.00
# Visual Studio 15
VisualStudioVersion = 15.0.28307.572
MinimumVisualStudioVersion = 10.0.40219.1
Project("{FAE04EC0-301F-11D3-BF4B-00C04F79EFBC}") = "Practica4", "Practica4\Practica4.csproj", "{EE0FF16C-3C4D-4B71-B6F0-CEED34DDA6B3}"
EndProject
Project("{FAE04EC0-301F-11D3-BF4B-00C04F79EFBC}") = "Practica4Tests", "Practica4Tests\Practica4Tests.csproj", "{C27F7601-B8D4-4131-B541-5EA2D76CB918}"
EndProject
Global
	GlobalSection(SolutionConfigurationPlatforms) = preSolution
		Debug|Any CPU = Debug|Any CPU
		Release|Any CPU = Release|Any CPU
	EndGlobalSection
	GlobalSection(ProjectConfigurationPlatforms) = postSolution
		{EE0FF16C-3C4D-4B71-B6F0-CEED34DDA6B3}.Debug|Any CPU.ActiveCfg = Debug|Any CPU
		{EE0FF16C-3C4D-4B71-B6F0-CEED34DDA6B3}.Debug|Any CPU.Build.0 = Debug|Any CPU
		{EE0FF16C-3C4D-4B71-B6F0-CEED34DDA6B3}.Release|Any CPU.ActiveCfg = Release|Any CPU
		{EE0FF16C-3C4D-4B71-B6F0-CEED34DDA6B3}.Release|Any CPU.Build.0 = Release|Any CPU
		{C27F7601-B8D4-4131-B541-5EA2D76CB918}.Debug|Any CPU.ActiveCfg = Debug|Any CPU
		{C27F7601-B8D4-4131-B541-5EA2D76CB918}.Debug|Any CPU.Build.0 = Debug|Any CPU
		{C27F7601-B8D4-4131-B541-5EA2D76CB918}.Release|Any CPU.ActiveCfg = Release|Any CPU
		{C27F7601-B8D4-4131-B541-5EA2D76CB918}.Release|Any CPU.Build.0 = Release|Any CPU
	EndGlobalSection
	GlobalSection(SolutionProperties) = preSolution
		HideSolutionNode = FALSE
	EndGlobalSection
	GlobalSection(ExtensibilityGlobals) = postSolution
		SolutionGuid = {4CB2596B-C6F7-44E8-B9EE-A73BFFAB4403}
	EndGlobalSection
EndGlobal
